
Microsoft Visual Studio Solution File, Format Version 12.00
# Visual Studio Express 2013 for Windows Desktop
VisualStudioVersion = 12.0.31101.0
MinimumVisualStudioVersion = 10.0.40219.1
Project("{8BC9CEB8-8B4A-11D0-8D11-00A0C91BC942}") = "Robotiina", "Robotiina\Robotiina.vcxproj", "{27623850-5253-4D72-B3A0-45D97FCAC79E}"
EndProject
Project("{8BC9CEB8-8B4A-11D0-8D11-00A0C91BC942}") = "VisionModule", "VisionModule\VisionModule.vcxproj", "{6908885B-BB30-4ECC-AC51-35ABA555194C}"
EndProject
Project("{8BC9CEB8-8B4A-11D0-8D11-00A0C91BC942}") = "StateMachine", "StateMachine\StateMachine.vcxproj", "{739A5473-8DD7-4F88-AACF-2D4B56B2CDF6}"
EndProject
Project("{8BC9CEB8-8B4A-11D0-8D11-00A0C91BC942}") = "Simulator", "Simulator\Simulator.vcxproj", "{17A421A4-4911-4ED9-9E28-83D396BA157D}"
EndProject
Project("{8BC9CEB8-8B4A-11D0-8D11-00A0C91BC942}") = "RobotModule", "RobotModule\RobotModule.vcxproj", "{3839E1C3-50AD-48E1-B454-A6E13BA038F5}"
EndProject
Project("{8BC9CEB8-8B4A-11D0-8D11-00A0C91BC942}") = "PredictionModule", "PredictionModule\PredictionModule.vcxproj", "{7886F737-DFD4-4FC5-9207-1AB9734AFB66}"
EndProject
Project("{8BC9CEB8-8B4A-11D0-8D11-00A0C91BC942}") = "HardwareModule", "HardwareModule\HardwareModule.vcxproj", "{484C4364-4749-480C-9DCD-9AA919BE5ADE}"
EndProject
Project("{8BC9CEB8-8B4A-11D0-8D11-00A0C91BC942}") = "DistanceCalibrator", "DistanceCalibrator\DistanceCalibrator.vcxproj", "{7D45214B-D5ED-47BE-BF3E-7319F493A3BA}"
EndProject
Project("{8BC9CEB8-8B4A-11D0-8D11-00A0C91BC942}") = "DisplayModule", "DisplayModule\DisplayModule.vcxproj", "{D22EF42E-37C4-4E10-A582-CF2D4C3333AC}"
EndProject
Project("{8BC9CEB8-8B4A-11D0-8D11-00A0C91BC942}") = "CommonModule", "CommonModule\CommonModule.vcxproj", "{6414A1C2-FC75-43C2-8FDE-CC6904727EEC}"
EndProject
Project("{8BC9CEB8-8B4A-11D0-8D11-00A0C91BC942}") = "ColorCalibrator", "ColorCalibrator\ColorCalibrator.vcxproj", "{9F95F872-DA80-456E-B519-F5ABD8C4EC41}"
EndProject
Project("{8BC9CEB8-8B4A-11D0-8D11-00A0C91BC942}") = "OmniCalibration", "OmniCalibration\OmniCalibration.vcxproj", "{5022DA8E-04A8-4241-9ED3-0102175AEC2F}"
EndProject
Global
	GlobalSection(SolutionConfigurationPlatforms) = preSolution
		Debug|Win32 = Debug|Win32
		Release_UI|Win32 = Release_UI|Win32
		Release|Win32 = Release|Win32
	EndGlobalSection
	GlobalSection(ProjectConfigurationPlatforms) = postSolution
		{27623850-5253-4D72-B3A0-45D97FCAC79E}.Debug|Win32.ActiveCfg = Debug|Win32
		{27623850-5253-4D72-B3A0-45D97FCAC79E}.Debug|Win32.Build.0 = Debug|Win32
		{27623850-5253-4D72-B3A0-45D97FCAC79E}.Release_UI|Win32.ActiveCfg = Release_UI|Win32
		{27623850-5253-4D72-B3A0-45D97FCAC79E}.Release_UI|Win32.Build.0 = Release_UI|Win32
		{27623850-5253-4D72-B3A0-45D97FCAC79E}.Release|Win32.ActiveCfg = Release|Win32
		{27623850-5253-4D72-B3A0-45D97FCAC79E}.Release|Win32.Build.0 = Release|Win32
		{6908885B-BB30-4ECC-AC51-35ABA555194C}.Debug|Win32.ActiveCfg = Debug|Win32
		{6908885B-BB30-4ECC-AC51-35ABA555194C}.Debug|Win32.Build.0 = Debug|Win32
		{6908885B-BB30-4ECC-AC51-35ABA555194C}.Release_UI|Win32.ActiveCfg = Release_UI|Win32
		{6908885B-BB30-4ECC-AC51-35ABA555194C}.Release_UI|Win32.Build.0 = Release_UI|Win32
		{6908885B-BB30-4ECC-AC51-35ABA555194C}.Release|Win32.ActiveCfg = Release|Win32
		{6908885B-BB30-4ECC-AC51-35ABA555194C}.Release|Win32.Build.0 = Release|Win32
		{739A5473-8DD7-4F88-AACF-2D4B56B2CDF6}.Debug|Win32.ActiveCfg = Debug|Win32
		{739A5473-8DD7-4F88-AACF-2D4B56B2CDF6}.Debug|Win32.Build.0 = Debug|Win32
		{739A5473-8DD7-4F88-AACF-2D4B56B2CDF6}.Release_UI|Win32.ActiveCfg = Release_UI|Win32
		{739A5473-8DD7-4F88-AACF-2D4B56B2CDF6}.Release_UI|Win32.Build.0 = Release_UI|Win32
		{739A5473-8DD7-4F88-AACF-2D4B56B2CDF6}.Release|Win32.ActiveCfg = Release|Win32
		{739A5473-8DD7-4F88-AACF-2D4B56B2CDF6}.Release|Win32.Build.0 = Release|Win32
		{17A421A4-4911-4ED9-9E28-83D396BA157D}.Debug|Win32.ActiveCfg = Debug|Win32
		{17A421A4-4911-4ED9-9E28-83D396BA157D}.Debug|Win32.Build.0 = Debug|Win32
		{17A421A4-4911-4ED9-9E28-83D396BA157D}.Release_UI|Win32.ActiveCfg = Release_UI|Win32
		{17A421A4-4911-4ED9-9E28-83D396BA157D}.Release_UI|Win32.Build.0 = Release_UI|Win32
		{17A421A4-4911-4ED9-9E28-83D396BA157D}.Release|Win32.ActiveCfg = Release|Win32
		{17A421A4-4911-4ED9-9E28-83D396BA157D}.Release|Win32.Build.0 = Release|Win32
		{3839E1C3-50AD-48E1-B454-A6E13BA038F5}.Debug|Win32.ActiveCfg = Debug|Win32
		{3839E1C3-50AD-48E1-B454-A6E13BA038F5}.Debug|Win32.Build.0 = Debug|Win32
		{3839E1C3-50AD-48E1-B454-A6E13BA038F5}.Release_UI|Win32.ActiveCfg = Release_UI|Win32
		{3839E1C3-50AD-48E1-B454-A6E13BA038F5}.Release_UI|Win32.Build.0 = Release_UI|Win32
		{3839E1C3-50AD-48E1-B454-A6E13BA038F5}.Release|Win32.ActiveCfg = Release|Win32
		{3839E1C3-50AD-48E1-B454-A6E13BA038F5}.Release|Win32.Build.0 = Release|Win32
		{7886F737-DFD4-4FC5-9207-1AB9734AFB66}.Debug|Win32.ActiveCfg = Debug|Win32
		{7886F737-DFD4-4FC5-9207-1AB9734AFB66}.Debug|Win32.Build.0 = Debug|Win32
		{7886F737-DFD4-4FC5-9207-1AB9734AFB66}.Release_UI|Win32.ActiveCfg = Release_UI|Win32
		{7886F737-DFD4-4FC5-9207-1AB9734AFB66}.Release_UI|Win32.Build.0 = Release_UI|Win32
		{7886F737-DFD4-4FC5-9207-1AB9734AFB66}.Release|Win32.ActiveCfg = Release|Win32
		{7886F737-DFD4-4FC5-9207-1AB9734AFB66}.Release|Win32.Build.0 = Release|Win32
		{484C4364-4749-480C-9DCD-9AA919BE5ADE}.Debug|Win32.ActiveCfg = Debug|Win32
		{484C4364-4749-480C-9DCD-9AA919BE5ADE}.Debug|Win32.Build.0 = Debug|Win32
		{484C4364-4749-480C-9DCD-9AA919BE5ADE}.Release_UI|Win32.ActiveCfg = Release_UI|Win32
		{484C4364-4749-480C-9DCD-9AA919BE5ADE}.Release_UI|Win32.Build.0 = Release_UI|Win32
		{484C4364-4749-480C-9DCD-9AA919BE5ADE}.Release|Win32.ActiveCfg = Release|Win32
		{484C4364-4749-480C-9DCD-9AA919BE5ADE}.Release|Win32.Build.0 = Release|Win32
		{7D45214B-D5ED-47BE-BF3E-7319F493A3BA}.Debug|Win32.ActiveCfg = Debug|Win32
		{7D45214B-D5ED-47BE-BF3E-7319F493A3BA}.Debug|Win32.Build.0 = Debug|Win32
		{7D45214B-D5ED-47BE-BF3E-7319F493A3BA}.Release_UI|Win32.ActiveCfg = Release_UI|Win32
		{7D45214B-D5ED-47BE-BF3E-7319F493A3BA}.Release_UI|Win32.Build.0 = Release_UI|Win32
		{7D45214B-D5ED-47BE-BF3E-7319F493A3BA}.Release|Win32.ActiveCfg = Release|Win32
		{7D45214B-D5ED-47BE-BF3E-7319F493A3BA}.Release|Win32.Build.0 = Release|Win32
		{D22EF42E-37C4-4E10-A582-CF2D4C3333AC}.Debug|Win32.ActiveCfg = Debug|Win32
		{D22EF42E-37C4-4E10-A582-CF2D4C3333AC}.Debug|Win32.Build.0 = Debug|Win32
		{D22EF42E-37C4-4E10-A582-CF2D4C3333AC}.Release_UI|Win32.ActiveCfg = Release_UI|Win32
		{D22EF42E-37C4-4E10-A582-CF2D4C3333AC}.Release_UI|Win32.Build.0 = Release_UI|Win32
		{D22EF42E-37C4-4E10-A582-CF2D4C3333AC}.Release|Win32.ActiveCfg = Release|Win32
		{D22EF42E-37C4-4E10-A582-CF2D4C3333AC}.Release|Win32.Build.0 = Release|Win32
		{6414A1C2-FC75-43C2-8FDE-CC6904727EEC}.Debug|Win32.ActiveCfg = Debug|Win32
		{6414A1C2-FC75-43C2-8FDE-CC6904727EEC}.Debug|Win32.Build.0 = Debug|Win32
		{6414A1C2-FC75-43C2-8FDE-CC6904727EEC}.Release_UI|Win32.ActiveCfg = Release_UI|Win32
		{6414A1C2-FC75-43C2-8FDE-CC6904727EEC}.Release_UI|Win32.Build.0 = Release_UI|Win32
		{6414A1C2-FC75-43C2-8FDE-CC6904727EEC}.Release|Win32.ActiveCfg = Release|Win32
		{6414A1C2-FC75-43C2-8FDE-CC6904727EEC}.Release|Win32.Build.0 = Release|Win32
		{9F95F872-DA80-456E-B519-F5ABD8C4EC41}.Debug|Win32.ActiveCfg = Debug|Win32
		{9F95F872-DA80-456E-B519-F5ABD8C4EC41}.Debug|Win32.Build.0 = Debug|Win32
		{9F95F872-DA80-456E-B519-F5ABD8C4EC41}.Release_UI|Win32.ActiveCfg = Release_UI|Win32
		{9F95F872-DA80-456E-B519-F5ABD8C4EC41}.Release_UI|Win32.Build.0 = Release_UI|Win32
		{9F95F872-DA80-456E-B519-F5ABD8C4EC41}.Release|Win32.ActiveCfg = Release|Win32
		{9F95F872-DA80-456E-B519-F5ABD8C4EC41}.Release|Win32.Build.0 = Release|Win32
		{5022DA8E-04A8-4241-9ED3-0102175AEC2F}.Debug|Win32.ActiveCfg = Debug|Win32
		{5022DA8E-04A8-4241-9ED3-0102175AEC2F}.Debug|Win32.Build.0 = Debug|Win32
		{5022DA8E-04A8-4241-9ED3-0102175AEC2F}.Release_UI|Win32.ActiveCfg = Release|Win32
		{5022DA8E-04A8-4241-9ED3-0102175AEC2F}.Release_UI|Win32.Build.0 = Release|Win32
		{5022DA8E-04A8-4241-9ED3-0102175AEC2F}.Release|Win32.ActiveCfg = Release|Win32
		{5022DA8E-04A8-4241-9ED3-0102175AEC2F}.Release|Win32.Build.0 = Release|Win32
	EndGlobalSection
	GlobalSection(SolutionProperties) = preSolution
		HideSolutionNode = FALSE
	EndGlobalSection
EndGlobal
