
Microsoft Visual Studio Solution File, Format Version 12.00
# Visual Studio 14
VisualStudioVersion = 14.0.25420.1
MinimumVisualStudioVersion = 10.0.40219.1
Project("{8BC9CEB8-8B4A-11D0-8D11-00A0C91BC942}") = "VisionModule", "VisionModule\VisionModule.vcxproj", "{F82D0056-53CD-42BE-B3F3-E529AE56F929}"
EndProject
Project("{8BC9CEB8-8B4A-11D0-8D11-00A0C91BC942}") = "HardwareModule", "HardwareModule\HardwareModule.vcxproj", "{F52DF89E-2159-41CA-A933-E0EDE1D92464}"
EndProject
Project("{8BC9CEB8-8B4A-11D0-8D11-00A0C91BC942}") = "CommonModule", "CommonModule\CommonModule.vcxproj", "{38231CB7-5801-4469-9397-43287E40625B}"
EndProject
Project("{8BC9CEB8-8B4A-11D0-8D11-00A0C91BC942}") = "StateMachine", "StateMachine\StateMachine.vcxproj", "{AE7ECB1C-A040-44F0-8365-1D96A5B417B2}"
EndProject
Project("{8BC9CEB8-8B4A-11D0-8D11-00A0C91BC942}") = "ColorCalibrator", "ColorCalibrator\ColorCalibrator.vcxproj", "{5CA15647-CC63-49E3-A2B5-11F3548B23FA}"
	ProjectSection(ProjectDependencies) = postProject
		{38231CB7-5801-4469-9397-43287E40625B} = {38231CB7-5801-4469-9397-43287E40625B}
	EndProjectSection
EndProject
Project("{8BC9CEB8-8B4A-11D0-8D11-00A0C91BC942}") = "DistanceCalibrator", "DistanceCalibrator\DistanceCalibrator.vcxproj", "{BA3BBF93-C391-4969-9942-4B8E15F59212}"
EndProject
Project("{8BC9CEB8-8B4A-11D0-8D11-00A0C91BC942}") = "Simulator", "Simulator\Simulator.vcxproj", "{CD3D47C5-6393-4BFD-A21F-7335A86565F6}"
EndProject
Project("{8BC9CEB8-8B4A-11D0-8D11-00A0C91BC942}") = "RobotModule", "RobotModule\RobotModule.vcxproj", "{D5F0ECBC-0786-4180-9A14-936D776250F0}"
EndProject
Project("{8BC9CEB8-8B4A-11D0-8D11-00A0C91BC942}") = "DisplayModule", "DisplayModule\DisplayModule.vcxproj", "{9627A89A-33E4-480D-AF29-FAE68A404206}"
EndProject
Project("{8BC9CEB8-8B4A-11D0-8D11-00A0C91BC942}") = "Robotiina", "Robotiina\Robotiina.vcxproj", "{52CB7395-F437-4F5B-995F-E49C144C15A8}"
EndProject
Project("{8BC9CEB8-8B4A-11D0-8D11-00A0C91BC942}") = "PredictionModule", "PredictionModule\PredictionModule.vcxproj", "{4DD524A2-CFC0-4BF7-B251-9DD700078CAB}"
EndProject
Global
	GlobalSection(SolutionConfigurationPlatforms) = preSolution
		Debug|x64 = Debug|x64
		Debug|x86 = Debug|x86
		Release|x64 = Release|x64
		Release|x86 = Release|x86
	EndGlobalSection
	GlobalSection(ProjectConfigurationPlatforms) = postSolution
		{F82D0056-53CD-42BE-B3F3-E529AE56F929}.Debug|x64.ActiveCfg = Debug|x64
		{F82D0056-53CD-42BE-B3F3-E529AE56F929}.Debug|x64.Build.0 = Debug|x64
		{F82D0056-53CD-42BE-B3F3-E529AE56F929}.Debug|x86.ActiveCfg = Debug|Win32
		{F82D0056-53CD-42BE-B3F3-E529AE56F929}.Debug|x86.Build.0 = Debug|Win32
		{F82D0056-53CD-42BE-B3F3-E529AE56F929}.Release|x64.ActiveCfg = Release|x64
		{F82D0056-53CD-42BE-B3F3-E529AE56F929}.Release|x64.Build.0 = Release|x64
		{F82D0056-53CD-42BE-B3F3-E529AE56F929}.Release|x86.ActiveCfg = Release|Win32
		{F82D0056-53CD-42BE-B3F3-E529AE56F929}.Release|x86.Build.0 = Release|Win32
		{F52DF89E-2159-41CA-A933-E0EDE1D92464}.Debug|x64.ActiveCfg = Debug|x64
		{F52DF89E-2159-41CA-A933-E0EDE1D92464}.Debug|x64.Build.0 = Debug|x64
		{F52DF89E-2159-41CA-A933-E0EDE1D92464}.Debug|x86.ActiveCfg = Debug|Win32
		{F52DF89E-2159-41CA-A933-E0EDE1D92464}.Debug|x86.Build.0 = Debug|Win32
		{F52DF89E-2159-41CA-A933-E0EDE1D92464}.Release|x64.ActiveCfg = Release|x64
		{F52DF89E-2159-41CA-A933-E0EDE1D92464}.Release|x64.Build.0 = Release|x64
		{F52DF89E-2159-41CA-A933-E0EDE1D92464}.Release|x86.ActiveCfg = Release|Win32
		{F52DF89E-2159-41CA-A933-E0EDE1D92464}.Release|x86.Build.0 = Release|Win32
		{38231CB7-5801-4469-9397-43287E40625B}.Debug|x64.ActiveCfg = Debug|x64
		{38231CB7-5801-4469-9397-43287E40625B}.Debug|x64.Build.0 = Debug|x64
		{38231CB7-5801-4469-9397-43287E40625B}.Debug|x86.ActiveCfg = Debug|Win32
		{38231CB7-5801-4469-9397-43287E40625B}.Debug|x86.Build.0 = Debug|Win32
		{38231CB7-5801-4469-9397-43287E40625B}.Release|x64.ActiveCfg = Release|x64
		{38231CB7-5801-4469-9397-43287E40625B}.Release|x64.Build.0 = Release|x64
		{38231CB7-5801-4469-9397-43287E40625B}.Release|x86.ActiveCfg = Release|Win32
		{38231CB7-5801-4469-9397-43287E40625B}.Release|x86.Build.0 = Release|Win32
		{AE7ECB1C-A040-44F0-8365-1D96A5B417B2}.Debug|x64.ActiveCfg = Debug|x64
		{AE7ECB1C-A040-44F0-8365-1D96A5B417B2}.Debug|x64.Build.0 = Debug|x64
		{AE7ECB1C-A040-44F0-8365-1D96A5B417B2}.Debug|x86.ActiveCfg = Debug|Win32
		{AE7ECB1C-A040-44F0-8365-1D96A5B417B2}.Debug|x86.Build.0 = Debug|Win32
		{AE7ECB1C-A040-44F0-8365-1D96A5B417B2}.Release|x64.ActiveCfg = Release|x64
		{AE7ECB1C-A040-44F0-8365-1D96A5B417B2}.Release|x64.Build.0 = Release|x64
		{AE7ECB1C-A040-44F0-8365-1D96A5B417B2}.Release|x86.ActiveCfg = Release|Win32
		{AE7ECB1C-A040-44F0-8365-1D96A5B417B2}.Release|x86.Build.0 = Release|Win32
		{5CA15647-CC63-49E3-A2B5-11F3548B23FA}.Debug|x64.ActiveCfg = Debug|x64
		{5CA15647-CC63-49E3-A2B5-11F3548B23FA}.Debug|x64.Build.0 = Debug|x64
		{5CA15647-CC63-49E3-A2B5-11F3548B23FA}.Debug|x86.ActiveCfg = Debug|Win32
		{5CA15647-CC63-49E3-A2B5-11F3548B23FA}.Debug|x86.Build.0 = Debug|Win32
		{5CA15647-CC63-49E3-A2B5-11F3548B23FA}.Release|x64.ActiveCfg = Release|x64
		{5CA15647-CC63-49E3-A2B5-11F3548B23FA}.Release|x64.Build.0 = Release|x64
		{5CA15647-CC63-49E3-A2B5-11F3548B23FA}.Release|x86.ActiveCfg = Release|Win32
		{5CA15647-CC63-49E3-A2B5-11F3548B23FA}.Release|x86.Build.0 = Release|Win32
		{BA3BBF93-C391-4969-9942-4B8E15F59212}.Debug|x64.ActiveCfg = Debug|x64
		{BA3BBF93-C391-4969-9942-4B8E15F59212}.Debug|x64.Build.0 = Debug|x64
		{BA3BBF93-C391-4969-9942-4B8E15F59212}.Debug|x86.ActiveCfg = Debug|Win32
		{BA3BBF93-C391-4969-9942-4B8E15F59212}.Debug|x86.Build.0 = Debug|Win32
		{BA3BBF93-C391-4969-9942-4B8E15F59212}.Release|x64.ActiveCfg = Release|x64
		{BA3BBF93-C391-4969-9942-4B8E15F59212}.Release|x64.Build.0 = Release|x64
		{BA3BBF93-C391-4969-9942-4B8E15F59212}.Release|x86.ActiveCfg = Release|Win32
		{BA3BBF93-C391-4969-9942-4B8E15F59212}.Release|x86.Build.0 = Release|Win32
		{CD3D47C5-6393-4BFD-A21F-7335A86565F6}.Debug|x64.ActiveCfg = Debug|x64
		{CD3D47C5-6393-4BFD-A21F-7335A86565F6}.Debug|x64.Build.0 = Debug|x64
		{CD3D47C5-6393-4BFD-A21F-7335A86565F6}.Debug|x86.ActiveCfg = Debug|Win32
		{CD3D47C5-6393-4BFD-A21F-7335A86565F6}.Debug|x86.Build.0 = Debug|Win32
		{CD3D47C5-6393-4BFD-A21F-7335A86565F6}.Release|x64.ActiveCfg = Release|x64
		{CD3D47C5-6393-4BFD-A21F-7335A86565F6}.Release|x64.Build.0 = Release|x64
		{CD3D47C5-6393-4BFD-A21F-7335A86565F6}.Release|x86.ActiveCfg = Release|Win32
		{CD3D47C5-6393-4BFD-A21F-7335A86565F6}.Release|x86.Build.0 = Release|Win32
		{D5F0ECBC-0786-4180-9A14-936D776250F0}.Debug|x64.ActiveCfg = Debug|x64
		{D5F0ECBC-0786-4180-9A14-936D776250F0}.Debug|x64.Build.0 = Debug|x64
		{D5F0ECBC-0786-4180-9A14-936D776250F0}.Debug|x86.ActiveCfg = Debug|Win32
		{D5F0ECBC-0786-4180-9A14-936D776250F0}.Debug|x86.Build.0 = Debug|Win32
		{D5F0ECBC-0786-4180-9A14-936D776250F0}.Release|x64.ActiveCfg = Release|x64
		{D5F0ECBC-0786-4180-9A14-936D776250F0}.Release|x64.Build.0 = Release|x64
		{D5F0ECBC-0786-4180-9A14-936D776250F0}.Release|x86.ActiveCfg = Release|Win32
		{D5F0ECBC-0786-4180-9A14-936D776250F0}.Release|x86.Build.0 = Release|Win32
		{9627A89A-33E4-480D-AF29-FAE68A404206}.Debug|x64.ActiveCfg = Debug|x64
		{9627A89A-33E4-480D-AF29-FAE68A404206}.Debug|x64.Build.0 = Debug|x64
		{9627A89A-33E4-480D-AF29-FAE68A404206}.Debug|x86.ActiveCfg = Debug|Win32
		{9627A89A-33E4-480D-AF29-FAE68A404206}.Debug|x86.Build.0 = Debug|Win32
		{9627A89A-33E4-480D-AF29-FAE68A404206}.Release|x64.ActiveCfg = Release|x64
		{9627A89A-33E4-480D-AF29-FAE68A404206}.Release|x64.Build.0 = Release|x64
		{9627A89A-33E4-480D-AF29-FAE68A404206}.Release|x86.ActiveCfg = Release|Win32
		{9627A89A-33E4-480D-AF29-FAE68A404206}.Release|x86.Build.0 = Release|Win32
		{52CB7395-F437-4F5B-995F-E49C144C15A8}.Debug|x64.ActiveCfg = Debug|x64
		{52CB7395-F437-4F5B-995F-E49C144C15A8}.Debug|x64.Build.0 = Debug|x64
		{52CB7395-F437-4F5B-995F-E49C144C15A8}.Debug|x86.ActiveCfg = Debug|Win32
		{52CB7395-F437-4F5B-995F-E49C144C15A8}.Debug|x86.Build.0 = Debug|Win32
		{52CB7395-F437-4F5B-995F-E49C144C15A8}.Release|x64.ActiveCfg = Release|x64
		{52CB7395-F437-4F5B-995F-E49C144C15A8}.Release|x64.Build.0 = Release|x64
		{52CB7395-F437-4F5B-995F-E49C144C15A8}.Release|x86.ActiveCfg = Release|Win32
		{52CB7395-F437-4F5B-995F-E49C144C15A8}.Release|x86.Build.0 = Release|Win32
		{4DD524A2-CFC0-4BF7-B251-9DD700078CAB}.Debug|x64.ActiveCfg = Debug|x64
		{4DD524A2-CFC0-4BF7-B251-9DD700078CAB}.Debug|x64.Build.0 = Debug|x64
		{4DD524A2-CFC0-4BF7-B251-9DD700078CAB}.Debug|x86.ActiveCfg = Debug|Win32
		{4DD524A2-CFC0-4BF7-B251-9DD700078CAB}.Debug|x86.Build.0 = Debug|Win32
		{4DD524A2-CFC0-4BF7-B251-9DD700078CAB}.Release|x64.ActiveCfg = Release|x64
		{4DD524A2-CFC0-4BF7-B251-9DD700078CAB}.Release|x64.Build.0 = Release|x64
		{4DD524A2-CFC0-4BF7-B251-9DD700078CAB}.Release|x86.ActiveCfg = Release|Win32
		{4DD524A2-CFC0-4BF7-B251-9DD700078CAB}.Release|x86.Build.0 = Release|Win32
	EndGlobalSection
	GlobalSection(SolutionProperties) = preSolution
		HideSolutionNode = FALSE
	EndGlobalSection
EndGlobal
